
Microsoft Visual Studio Solution File, Format Version 12.00
# Visual Studio Version 17
VisualStudioVersion = 17.0.31903.59
MinimumVisualStudioVersion = 10.0.40219.1
Project("{2150E333-8FDC-42A3-9474-1A3956D46DE8}") = "src", "src", "{827E0CD3-B72D-47B6-A68D-7590B98EB39B}"
EndProject
Project("{FAE04EC0-301F-11D3-BF4B-00C04F79EFBC}") = "UdyogBill.Shared", "src\UdyogBill.Shared\UdyogBill.Shared.csproj", "{2A299402-B11D-44C3-AAB7-DCF21357FA35}"
EndProject
Project("{FAE04EC0-301F-11D3-BF4B-00C04F79EFBC}") = "UdyogBill.Domain", "src\UdyogBill.Domain\UdyogBill.Domain.csproj", "{85B25BD9-D067-4C3E-852F-9E3030C246E6}"
EndProject
Project("{FAE04EC0-301F-11D3-BF4B-00C04F79EFBC}") = "UdyogBill.Application", "src\UdyogBill.Application\UdyogBill.Application.csproj", "{F17A833A-FF52-4420-9591-60EFB9780338}"
EndProject
Project("{FAE04EC0-301F-11D3-BF4B-00C04F79EFBC}") = "UdyogBill.Infrastructure", "src\UdyogBill.Infrastructure\UdyogBill.Infrastructure.csproj", "{6565A054-2B60-46FB-8735-325952716F88}"
EndProject
Project("{FAE04EC0-301F-11D3-BF4B-00C04F79EFBC}") = "UdyogBill.Persistence", "src\UdyogBill.Persistence\UdyogBill.Persistence.csproj", "{2F772FF6-ECA0-41BD-9BB0-49574EA5CD98}"
EndProject
Project("{FAE04EC0-301F-11D3-BF4B-00C04F79EFBC}") = "UdyogBill.Api", "src\UdyogBill.Api\UdyogBill.Api.csproj", "{4D807EB0-414A-4328-AD04-C724F12ECF89}"
EndProject
Project("{FAE04EC0-301F-11D3-BF4B-00C04F79EFBC}") = "UdyogBill.UnitTests", "..\tests\UdyogBill.UnitTests\UdyogBill.UnitTests.csproj", "{0EA6DB12-1BA7-4C7A-8DAA-36CCA84596A9}"
EndProject
Project("{FAE04EC0-301F-11D3-BF4B-00C04F79EFBC}") = "UdyogBill.ArchitectureTests", "..\tests\UdyogBill.ArchitectureTests\UdyogBill.ArchitectureTests.csproj", "{76CE1535-306D-4677-9BD1-53A65B193AE0}"
EndProject
Global
	GlobalSection(SolutionConfigurationPlatforms) = preSolution
		Debug|Any CPU = Debug|Any CPU
		Debug|x64 = Debug|x64
		Debug|x86 = Debug|x86
		Release|Any CPU = Release|Any CPU
		Release|x64 = Release|x64
		Release|x86 = Release|x86
	EndGlobalSection
	GlobalSection(ProjectConfigurationPlatforms) = postSolution
		{2A299402-B11D-44C3-AAB7-DCF21357FA35}.Debug|Any CPU.ActiveCfg = Debug|Any CPU
		{2A299402-B11D-44C3-AAB7-DCF21357FA35}.Debug|Any CPU.Build.0 = Debug|Any CPU
		{2A299402-B11D-44C3-AAB7-DCF21357FA35}.Debug|x64.ActiveCfg = Debug|Any CPU
		{2A299402-B11D-44C3-AAB7-DCF21357FA35}.Debug|x64.Build.0 = Debug|Any CPU
		{2A299402-B11D-44C3-AAB7-DCF21357FA35}.Debug|x86.ActiveCfg = Debug|Any CPU
		{2A299402-B11D-44C3-AAB7-DCF21357FA35}.Debug|x86.Build.0 = Debug|Any CPU
		{2A299402-B11D-44C3-AAB7-DCF21357FA35}.Release|Any CPU.ActiveCfg = Release|Any CPU
		{2A299402-B11D-44C3-AAB7-DCF21357FA35}.Release|Any CPU.Build.0 = Release|Any CPU
		{2A299402-B11D-44C3-AAB7-DCF21357FA35}.Release|x64.ActiveCfg = Release|Any CPU
		{2A299402-B11D-44C3-AAB7-DCF21357FA35}.Release|x64.Build.0 = Release|Any CPU
		{2A299402-B11D-44C3-AAB7-DCF21357FA35}.Release|x86.ActiveCfg = Release|Any CPU
		{2A299402-B11D-44C3-AAB7-DCF21357FA35}.Release|x86.Build.0 = Release|Any CPU
		{85B25BD9-D067-4C3E-852F-9E3030C246E6}.Debug|Any CPU.ActiveCfg = Debug|Any CPU
		{85B25BD9-D067-4C3E-852F-9E3030C246E6}.Debug|Any CPU.Build.0 = Debug|Any CPU
		{85B25BD9-D067-4C3E-852F-9E3030C246E6}.Debug|x64.ActiveCfg = Debug|Any CPU
		{85B25BD9-D067-4C3E-852F-9E3030C246E6}.Debug|x64.Build.0 = Debug|Any CPU
		{85B25BD9-D067-4C3E-852F-9E3030C246E6}.Debug|x86.ActiveCfg = Debug|Any CPU
		{85B25BD9-D067-4C3E-852F-9E3030C246E6}.Debug|x86.Build.0 = Debug|Any CPU
		{85B25BD9-D067-4C3E-852F-9E3030C246E6}.Release|Any CPU.ActiveCfg = Release|Any CPU
		{85B25BD9-D067-4C3E-852F-9E3030C246E6}.Release|Any CPU.Build.0 = Release|Any CPU
		{85B25BD9-D067-4C3E-852F-9E3030C246E6}.Release|x64.ActiveCfg = Release|Any CPU
		{85B25BD9-D067-4C3E-852F-9E3030C246E6}.Release|x64.Build.0 = Release|Any CPU
		{85B25BD9-D067-4C3E-852F-9E3030C246E6}.Release|x86.ActiveCfg = Release|Any CPU
		{85B25BD9-D067-4C3E-852F-9E3030C246E6}.Release|x86.Build.0 = Release|Any CPU
		{F17A833A-FF52-4420-9591-60EFB9780338}.Debug|Any CPU.ActiveCfg = Debug|Any CPU
		{F17A833A-FF52-4420-9591-60EFB9780338}.Debug|Any CPU.Build.0 = Debug|Any CPU
		{F17A833A-FF52-4420-9591-60EFB9780338}.Debug|x64.ActiveCfg = Debug|Any CPU
		{F17A833A-FF52-4420-9591-60EFB9780338}.Debug|x64.Build.0 = Debug|Any CPU
		{F17A833A-FF52-4420-9591-60EFB9780338}.Debug|x86.ActiveCfg = Debug|Any CPU
		{F17A833A-FF52-4420-9591-60EFB9780338}.Debug|x86.Build.0 = Debug|Any CPU
		{F17A833A-FF52-4420-9591-60EFB9780338}.Release|Any CPU.ActiveCfg = Release|Any CPU
		{F17A833A-FF52-4420-9591-60EFB9780338}.Release|Any CPU.Build.0 = Release|Any CPU
		{F17A833A-FF52-4420-9591-60EFB9780338}.Release|x64.ActiveCfg = Release|Any CPU
		{F17A833A-FF52-4420-9591-60EFB9780338}.Release|x64.Build.0 = Release|Any CPU
		{F17A833A-FF52-4420-9591-60EFB9780338}.Release|x86.ActiveCfg = Release|Any CPU
		{F17A833A-FF52-4420-9591-60EFB9780338}.Release|x86.Build.0 = Release|Any CPU
		{6565A054-2B60-46FB-8735-325952716F88}.Debug|Any CPU.ActiveCfg = Debug|Any CPU
		{6565A054-2B60-46FB-8735-325952716F88}.Debug|Any CPU.Build.0 = Debug|Any CPU
		{6565A054-2B60-46FB-8735-325952716F88}.Debug|x64.ActiveCfg = Debug|Any CPU
		{6565A054-2B60-46FB-8735-325952716F88}.Debug|x64.Build.0 = Debug|Any CPU
		{6565A054-2B60-46FB-8735-325952716F88}.Debug|x86.ActiveCfg = Debug|Any CPU
		{6565A054-2B60-46FB-8735-325952716F88}.Debug|x86.Build.0 = Debug|Any CPU
		{6565A054-2B60-46FB-8735-325952716F88}.Release|Any CPU.ActiveCfg = Release|Any CPU
		{6565A054-2B60-46FB-8735-325952716F88}.Release|Any CPU.Build.0 = Release|Any CPU
		{6565A054-2B60-46FB-8735-325952716F88}.Release|x64.ActiveCfg = Release|Any CPU
		{6565A054-2B60-46FB-8735-325952716F88}.Release|x64.Build.0 = Release|Any CPU
		{6565A054-2B60-46FB-8735-325952716F88}.Release|x86.ActiveCfg = Release|Any CPU
		{6565A054-2B60-46FB-8735-325952716F88}.Release|x86.Build.0 = Release|Any CPU
		{2F772FF6-ECA0-41BD-9BB0-49574EA5CD98}.Debug|Any CPU.ActiveCfg = Debug|Any CPU
		{2F772FF6-ECA0-41BD-9BB0-49574EA5CD98}.Debug|Any CPU.Build.0 = Debug|Any CPU
		{2F772FF6-ECA0-41BD-9BB0-49574EA5CD98}.Debug|x64.ActiveCfg = Debug|Any CPU
		{2F772FF6-ECA0-41BD-9BB0-49574EA5CD98}.Debug|x64.Build.0 = Debug|Any CPU
		{2F772FF6-ECA0-41BD-9BB0-49574EA5CD98}.Debug|x86.ActiveCfg = Debug|Any CPU
		{2F772FF6-ECA0-41BD-9BB0-49574EA5CD98}.Debug|x86.Build.0 = Debug|Any CPU
		{2F772FF6-ECA0-41BD-9BB0-49574EA5CD98}.Release|Any CPU.ActiveCfg = Release|Any CPU
		{2F772FF6-ECA0-41BD-9BB0-49574EA5CD98}.Release|Any CPU.Build.0 = Release|Any CPU
		{2F772FF6-ECA0-41BD-9BB0-49574EA5CD98}.Release|x64.ActiveCfg = Release|Any CPU
		{2F772FF6-ECA0-41BD-9BB0-49574EA5CD98}.Release|x64.Build.0 = Release|Any CPU
		{2F772FF6-ECA0-41BD-9BB0-49574EA5CD98}.Release|x86.ActiveCfg = Release|Any CPU
		{2F772FF6-ECA0-41BD-9BB0-49574EA5CD98}.Release|x86.Build.0 = Release|Any CPU
		{4D807EB0-414A-4328-AD04-C724F12ECF89}.Debug|Any CPU.ActiveCfg = Debug|Any CPU
		{4D807EB0-414A-4328-AD04-C724F12ECF89}.Debug|Any CPU.Build.0 = Debug|Any CPU
		{4D807EB0-414A-4328-AD04-C724F12ECF89}.Debug|x64.ActiveCfg = Debug|Any CPU
		{4D807EB0-414A-4328-AD04-C724F12ECF89}.Debug|x64.Build.0 = Debug|Any CPU
		{4D807EB0-414A-4328-AD04-C724F12ECF89}.Debug|x86.ActiveCfg = Debug|Any CPU
		{4D807EB0-414A-4328-AD04-C724F12ECF89}.Debug|x86.Build.0 = Debug|Any CPU
		{4D807EB0-414A-4328-AD04-C724F12ECF89}.Release|Any CPU.ActiveCfg = Release|Any CPU
		{4D807EB0-414A-4328-AD04-C724F12ECF89}.Release|Any CPU.Build.0 = Release|Any CPU
		{4D807EB0-414A-4328-AD04-C724F12ECF89}.Release|x64.ActiveCfg = Release|Any CPU
		{4D807EB0-414A-4328-AD04-C724F12ECF89}.Release|x64.Build.0 = Release|Any CPU
		{4D807EB0-414A-4328-AD04-C724F12ECF89}.Release|x86.ActiveCfg = Release|Any CPU
		{4D807EB0-414A-4328-AD04-C724F12ECF89}.Release|x86.Build.0 = Release|Any CPU
		{0EA6DB12-1BA7-4C7A-8DAA-36CCA84596A9}.Debug|Any CPU.ActiveCfg = Debug|Any CPU
		{0EA6DB12-1BA7-4C7A-8DAA-36CCA84596A9}.Debug|Any CPU.Build.0 = Debug|Any CPU
		{0EA6DB12-1BA7-4C7A-8DAA-36CCA84596A9}.Debug|x64.ActiveCfg = Debug|Any CPU
		{0EA6DB12-1BA7-4C7A-8DAA-36CCA84596A9}.Debug|x64.Build.0 = Debug|Any CPU
		{0EA6DB12-1BA7-4C7A-8DAA-36CCA84596A9}.Debug|x86.ActiveCfg = Debug|Any CPU
		{0EA6DB12-1BA7-4C7A-8DAA-36CCA84596A9}.Debug|x86.Build.0 = Debug|Any CPU
		{0EA6DB12-1BA7-4C7A-8DAA-36CCA84596A9}.Release|Any CPU.ActiveCfg = Release|Any CPU
		{0EA6DB12-1BA7-4C7A-8DAA-36CCA84596A9}.Release|Any CPU.Build.0 = Release|Any CPU
		{0EA6DB12-1BA7-4C7A-8DAA-36CCA84596A9}.Release|x64.ActiveCfg = Release|Any CPU
		{0EA6DB12-1BA7-4C7A-8DAA-36CCA84596A9}.Release|x64.Build.0 = Release|Any CPU
		{0EA6DB12-1BA7-4C7A-8DAA-36CCA84596A9}.Release|x86.ActiveCfg = Release|Any CPU
		{0EA6DB12-1BA7-4C7A-8DAA-36CCA84596A9}.Release|x86.Build.0 = Release|Any CPU
		{76CE1535-306D-4677-9BD1-53A65B193AE0}.Debug|Any CPU.ActiveCfg = Debug|Any CPU
		{76CE1535-306D-4677-9BD1-53A65B193AE0}.Debug|Any CPU.Build.0 = Debug|Any CPU
		{76CE1535-306D-4677-9BD1-53A65B193AE0}.Debug|x64.ActiveCfg = Debug|Any CPU
		{76CE1535-306D-4677-9BD1-53A65B193AE0}.Debug|x64.Build.0 = Debug|Any CPU
		{76CE1535-306D-4677-9BD1-53A65B193AE0}.Debug|x86.ActiveCfg = Debug|Any CPU
		{76CE1535-306D-4677-9BD1-53A65B193AE0}.Debug|x86.Build.0 = Debug|Any CPU
		{76CE1535-306D-4677-9BD1-53A65B193AE0}.Release|Any CPU.ActiveCfg = Release|Any CPU
		{76CE1535-306D-4677-9BD1-53A65B193AE0}.Release|Any CPU.Build.0 = Release|Any CPU
		{76CE1535-306D-4677-9BD1-53A65B193AE0}.Release|x64.ActiveCfg = Release|Any CPU
		{76CE1535-306D-4677-9BD1-53A65B193AE0}.Release|x64.Build.0 = Release|Any CPU
		{76CE1535-306D-4677-9BD1-53A65B193AE0}.Release|x86.ActiveCfg = Release|Any CPU
		{76CE1535-306D-4677-9BD1-53A65B193AE0}.Release|x86.Build.0 = Release|Any CPU
	EndGlobalSection
	GlobalSection(SolutionProperties) = preSolution
		HideSolutionNode = FALSE
	EndGlobalSection
	GlobalSection(NestedProjects) = preSolution
		{2A299402-B11D-44C3-AAB7-DCF21357FA35} = {827E0CD3-B72D-47B6-A68D-7590B98EB39B}
		{85B25BD9-D067-4C3E-852F-9E3030C246E6} = {827E0CD3-B72D-47B6-A68D-7590B98EB39B}
		{F17A833A-FF52-4420-9591-60EFB9780338} = {827E0CD3-B72D-47B6-A68D-7590B98EB39B}
		{6565A054-2B60-46FB-8735-325952716F88} = {827E0CD3-B72D-47B6-A68D-7590B98EB39B}
		{2F772FF6-ECA0-41BD-9BB0-49574EA5CD98} = {827E0CD3-B72D-47B6-A68D-7590B98EB39B}
		{4D807EB0-414A-4328-AD04-C724F12ECF89} = {827E0CD3-B72D-47B6-A68D-7590B98EB39B}
	EndGlobalSection
EndGlobal
